
Microsoft Visual Studio Solution File, Format Version 12.00
# Visual Studio Version 17
VisualStudioVersion = 17.9.34607.119
MinimumVisualStudioVersion = 10.0.40219.1
Project("{FAE04EC0-301F-11D3-BF4B-00C04F79EFBC}") = "Quiz.Android", "Quiz\Quiz.Android\Quiz.Android.csproj", "{2CDC4BAE-1FEF-40F8-BEDB-D18BEFCCF581}"
EndProject
Project("{FAE04EC0-301F-11D3-BF4B-00C04F79EFBC}") = "Quiz", "Quiz\Quiz\Quiz.csproj", "{0ACAEA9E-2A96-4153-BE4F-19554B6AE2E4}"
EndProject
Global
	GlobalSection(SolutionConfigurationPlatforms) = preSolution
		Debug|Any CPU = Debug|Any CPU
		Release|Any CPU = Release|Any CPU
	EndGlobalSection
	GlobalSection(ProjectConfigurationPlatforms) = postSolution
		{2CDC4BAE-1FEF-40F8-BEDB-D18BEFCCF581}.Debug|Any CPU.ActiveCfg = Debug|Any CPU
		{2CDC4BAE-1FEF-40F8-BEDB-D18BEFCCF581}.Debug|Any CPU.Build.0 = Debug|Any CPU
		{2CDC4BAE-1FEF-40F8-BEDB-D18BEFCCF581}.Debug|Any CPU.Deploy.0 = Debug|Any CPU
		{2CDC4BAE-1FEF-40F8-BEDB-D18BEFCCF581}.Release|Any CPU.ActiveCfg = Release|Any CPU
		{2CDC4BAE-1FEF-40F8-BEDB-D18BEFCCF581}.Release|Any CPU.Build.0 = Release|Any CPU
		{2CDC4BAE-1FEF-40F8-BEDB-D18BEFCCF581}.Release|Any CPU.Deploy.0 = Release|Any CPU
		{0ACAEA9E-2A96-4153-BE4F-19554B6AE2E4}.Debug|Any CPU.ActiveCfg = Debug|Any CPU
		{0ACAEA9E-2A96-4153-BE4F-19554B6AE2E4}.Debug|Any CPU.Build.0 = Debug|Any CPU
		{0ACAEA9E-2A96-4153-BE4F-19554B6AE2E4}.Debug|Any CPU.Deploy.0 = Debug|Any CPU
		{0ACAEA9E-2A96-4153-BE4F-19554B6AE2E4}.Release|Any CPU.ActiveCfg = Release|Any CPU
		{0ACAEA9E-2A96-4153-BE4F-19554B6AE2E4}.Release|Any CPU.Build.0 = Release|Any CPU
		{0ACAEA9E-2A96-4153-BE4F-19554B6AE2E4}.Release|Any CPU.Deploy.0 = Release|Any CPU
	EndGlobalSection
	GlobalSection(SolutionProperties) = preSolution
		HideSolutionNode = FALSE
	EndGlobalSection
	GlobalSection(ExtensibilityGlobals) = postSolution
		SolutionGuid = {C3FE5821-A889-4ABE-B062-E81DB9692A0B}
	EndGlobalSection
EndGlobal
